
Microsoft Visual Studio Solution File, Format Version 12.00
Project("{FAE04EC0-301F-11D3-BF4B-00C04F79EFBC}") = "CarApp", "CarApp\CarApp.csproj", "{17E27443-5455-46A6-87BF-38D616B40DDF}"
EndProject
Project("{FAE04EC0-301F-11D3-BF4B-00C04F79EFBC}") = "Domain", "Domain\Domain.csproj", "{FF69C70A-9536-4978-96BD-4488E3F8CEC5}"
EndProject
Project("{FAE04EC0-301F-11D3-BF4B-00C04F79EFBC}") = "Infrastructure", "Infrastructure\Infrastructure.csproj", "{FBEEC645-2B80-401A-88CA-8B784E41E4A9}"
EndProject
Global
	GlobalSection(SolutionConfigurationPlatforms) = preSolution
		Debug|Any CPU = Debug|Any CPU
		Release|Any CPU = Release|Any CPU
	EndGlobalSection
	GlobalSection(ProjectConfigurationPlatforms) = postSolution
		{17E27443-5455-46A6-87BF-38D616B40DDF}.Debug|Any CPU.ActiveCfg = Debug|Any CPU
		{17E27443-5455-46A6-87BF-38D616B40DDF}.Debug|Any CPU.Build.0 = Debug|Any CPU
		{17E27443-5455-46A6-87BF-38D616B40DDF}.Release|Any CPU.ActiveCfg = Release|Any CPU
		{17E27443-5455-46A6-87BF-38D616B40DDF}.Release|Any CPU.Build.0 = Release|Any CPU
		{FF69C70A-9536-4978-96BD-4488E3F8CEC5}.Debug|Any CPU.ActiveCfg = Debug|Any CPU
		{FF69C70A-9536-4978-96BD-4488E3F8CEC5}.Debug|Any CPU.Build.0 = Debug|Any CPU
		{FF69C70A-9536-4978-96BD-4488E3F8CEC5}.Release|Any CPU.ActiveCfg = Release|Any CPU
		{FF69C70A-9536-4978-96BD-4488E3F8CEC5}.Release|Any CPU.Build.0 = Release|Any CPU
		{FBEEC645-2B80-401A-88CA-8B784E41E4A9}.Debug|Any CPU.ActiveCfg = Debug|Any CPU
		{FBEEC645-2B80-401A-88CA-8B784E41E4A9}.Debug|Any CPU.Build.0 = Debug|Any CPU
		{FBEEC645-2B80-401A-88CA-8B784E41E4A9}.Release|Any CPU.ActiveCfg = Release|Any CPU
		{FBEEC645-2B80-401A-88CA-8B784E41E4A9}.Release|Any CPU.Build.0 = Release|Any CPU
	EndGlobalSection
EndGlobal
